<?xml version="1.0" encoding="UTF-8"?>
<Scheme
   version = "1.3">
   <BuildAction>
      <BuildActionEntries>
         <BuildActionEntry
            buildForRunning = "YES">
            <BuildableReference
               BuildableIdentifier = "primary"
               BlueprintIdentifier = "947EE2CEF215193C8C8A222D"
               BuildableName = "MagicEightBall.app"
               BlueprintName = "MagicEightBall"
               ReferencedContainer = "container:MagicEightBall.xcodeproj">
            </BuildableReference>
         </BuildActionEntry>
      </BuildActionEntries>
   </BuildAction>
   <LaunchAction
      useCustomWorkingDirectory = "NO"
      buildConfiguration = "Debug"
      allowLocationSimulation = "YES">
      <BuildableProductRunnable>
         <BuildableReference
            BuildableIdentifier = "primary"
            BlueprintIdentifier = "947EE2CEF215193C8C8A222D"
            BuildableName = "MagicEightBall.app"
            BlueprintName = "MagicEightBall"
            ReferencedContainer = "container:MagicEightBall.xcodeproj">
         </BuildableReference>
      </BuildableProductRunnable>
   </LaunchAction>
</Scheme>
